
Microsoft Visual Studio Solution File, Format Version 10.00
# Visual C# Express 2008
Project("{FAE04EC0-301F-11D3-BF4B-00C04F79EFBC}") = "DemoCSharp", "DemoCSharp\DemoCSharp.csproj", "{CBC35886-F185-4EC4-B9F9-D7519AFB8A05}"
EndProject
Global
	GlobalSection(SolutionConfigurationPlatforms) = preSolution
		Debug|Any CPU = Debug|Any CPU
		Release|Any CPU = Release|Any CPU
	EndGlobalSection
	GlobalSection(ProjectConfigurationPlatforms) = postSolution
		{CBC35886-F185-4EC4-B9F9-D7519AFB8A05}.Debug|Any CPU.ActiveCfg = Debug|Any CPU
		{CBC35886-F185-4EC4-B9F9-D7519AFB8A05}.Debug|Any CPU.Build.0 = Debug|Any CPU
		{CBC35886-F185-4EC4-B9F9-D7519AFB8A05}.Release|Any CPU.ActiveCfg = Release|Any CPU
		{CBC35886-F185-4EC4-B9F9-D7519AFB8A05}.Release|Any CPU.Build.0 = Release|Any CPU
	EndGlobalSection
	GlobalSection(SolutionProperties) = preSolution
		HideSolutionNode = FALSE
	EndGlobalSection
EndGlobal
